# This file is generated by running "yarn install" inside your project.
# Manual changes might be lost - proceed with caution!

__metadata:
  version: 6
  cacheKey: 8

"async@npm:^2.0.0":
  version: 2.6.4
  resolution: "async@npm:2.6.4"
  dependencies:
    lodash: ^4.17.14
  checksum: a52083fb32e1ebe1d63e5c5624038bb30be68ff07a6c8d7dfe35e47c93fc144bd8652cbec869e0ac07d57dde387aa5f1386be3559cdee799cb1f789678d88e19
  languageName: node
  linkType: hard

"child-workspace@^1.0.0, child-workspace@workspace:workspace-a/child-workspace":
  version: 0.0.0-use.local
  resolution: "child-workspace@workspace:workspace-a/child-workspace"
  dependencies:
    openssl: ^1.1.0
  languageName: unknown
  linkType: soft

"hier@workspace:.":
  version: 0.0.0-use.local
  resolution: "hier@workspace:."
  dependencies:
    workspace-a: ^1.0.0
  languageName: unknown
  linkType: soft

"lodash@npm:^4.17.14":
  version: 4.18.1
  resolution: "lodash@npm:4.18.1"
  checksum: bb5f5b49aad29614e709af02b64c56b0f8b78c6a81434a3c1ae527d2f0f78ca08f9d9fb22aa825a053876c9d2166e9c01f31c356014b5e2bdc0556c057433102
  languageName: node
  linkType: hard

"mout@npm:^0.11.1":
  version: 0.11.1
  resolution: "mout@npm:0.11.1"
  checksum: 1c046468f524db77ece605ee6d8eab634490a497fa77b69c76328a7545b8daf4e734a4cdb69eae0a8f6fdc9054e19842c79a82837e165b798ad6bff174e83f47
  languageName: node
  linkType: hard

"mout@npm:^1.0.0":
  version: 1.2.2
  resolution: "mout@npm:1.2.2"
  checksum: e6c4249e9a5e603af8b4ae7172572e266f7cbd2edbf27824e2e06dd288adc66e67170f4a061ecc388429046aa93a7e3946e35139fd0767f76dd10d075fbca74f
  languageName: node
  linkType: hard

"nyks@npm:^2.9.0":
  version: 2.31.3
  resolution: "nyks@npm:2.31.3"
  dependencies:
    async: ^2.0.0
    mout: ^1.0.0
  checksum: 17758638ba201a1d4e4ceb16a1a6a5a2d2d7454c51a8616ef4585061e00a944192531dba8ad9de3ca2ea633035a34506fc9b81af98d15c8e346ef0ff18705ea0
  languageName: node
  linkType: hard

"openssl@npm:^1.1.0":
  version: 1.1.0
  resolution: "openssl@npm:1.1.0"
  dependencies:
    mout: ^0.11.1
    nyks: ^2.9.0
  checksum: cdab174bc6e407adb7e358d663d43af6e4fba0059937e15996b5438ef02c6bdd1caf0983ce359914aa8b75a9069ad6a3231758620bab4093046b9344a270d7f8
  languageName: node
  linkType: hard

"workspace-a@^1.0.0, workspace-a@workspace:workspace-a":
  version: 0.0.0-use.local
  resolution: "workspace-a@workspace:workspace-a"
  dependencies:
    child-workspace: ^1.0.0
  languageName: unknown
  linkType: soft
