# This file is generated by running "yarn install" inside your project.
# Manual changes might be lost - proceed with caution!

__metadata:
  version: 6
  cacheKey: 8

"openssl@npm:^2.0.0":
  version: 2.0.0
  resolution: "openssl@npm:2.0.0"
  checksum: d88a8ad7d9d261c5529074643d5eed4588f40e71e5568a9ad96a8ea85848723957768fd843f5ea63a6ebf0997a22a4a956dc6a5d7a52fc0ddb6b3ef5f7611fe7
  languageName: node
  linkType: hard

"yarn2@workspace:.":
  version: 0.0.0-use.local
  resolution: "yarn2@workspace:."
  dependencies:
    openssl: ^2.0.0
  languageName: unknown
  linkType: soft
