# This file is generated by running "yarn install" inside your project.
# Manual changes might be lost - proceed with caution!

__metadata:
  version: 6
  cacheKey: 8

"@jest/types@npm:^24.9.0":
  version: 24.9.0
  resolution: "@jest/types@npm:24.9.0"
  dependencies:
    "@types/istanbul-lib-coverage": ^2.0.0
    "@types/istanbul-reports": ^1.1.1
    "@types/yargs": ^13.0.0
  checksum: 603698f774cf22f9d16a0e0fac9e10e7db21052aebfa33db154c8a5940e0eb1fa9c079a8c91681041ad3aeee2adfa950608dd0c663130316ba034b8bca7b301c
  languageName: node
  linkType: hard

"@types/istanbul-lib-coverage@npm:*, @types/istanbul-lib-coverage@npm:^2.0.0":
  version: 2.0.3
  resolution: "@types/istanbul-lib-coverage@npm:2.0.3"
  checksum: 0650cba4be8f464bee89b9de0b71a5ea3b5cc676ce24e1196b5d6a51542ce9e613ae4549bf19756bb33dbbbb32b47931040266100062bfb197c597d73e341eb0
  languageName: node
  linkType: hard

"@types/istanbul-lib-report@npm:*":
  version: 3.0.0
  resolution: "@types/istanbul-lib-report@npm:3.0.0"
  dependencies:
    "@types/istanbul-lib-coverage": "*"
  checksum: 656398b62dc288e1b5226f8880af98087233cdb90100655c989a09f3052b5775bf98ba58a16c5ae642fb66c61aba402e07a9f2bff1d1569e3b306026c59f3f36
  languageName: node
  linkType: hard

"@types/istanbul-reports@npm:^1.1.1":
  version: 1.1.2
  resolution: "@types/istanbul-reports@npm:1.1.2"
  dependencies:
    "@types/istanbul-lib-coverage": "*"
    "@types/istanbul-lib-report": "*"
  checksum: 00866e815d1e68d0a590d691506937b79d8d65ad8eab5ed34dbfee66136c7c0f4ea65327d32046d5fe469f22abea2b294987591dc66365ebc3991f7e413b2d78
  languageName: node
  linkType: hard

"@types/jest@npm:^24.0.25":
  version: 24.9.1
  resolution: "@types/jest@npm:24.9.1"
  dependencies:
    jest-diff: ^24.3.0
  checksum: eb6b3e177b90c823604216cc78028bd10edf9127cdab543776b35ce48779ba94b3d28f44e8420b9a9d122f3e2f126e3f57fb7f270b4b4c7dfb09da40f9798e39
  languageName: node
  linkType: hard

"@types/yargs-parser@npm:*":
  version: 20.2.0
  resolution: "@types/yargs-parser@npm:20.2.0"
  checksum: 54cf3f8d2c7db47e200e8c96e05b3b33ee554e78d29f3db55f04ca4b86dc6b8ff6b1349f5772268ce2d365cde0a0f4fdd92bf5933c2be2c1ea3f19f0b4599e1f
  languageName: node
  linkType: hard

"@types/yargs@npm:^13.0.0":
  version: 13.0.11
  resolution: "@types/yargs@npm:13.0.11"
  dependencies:
    "@types/yargs-parser": "*"
  checksum: efcbcccd20eab773970c2f103efaf69901924ab3bfc69cc5603ece0be7626937242b2f952b7ebc3708c121f8507e1d0633eb4cc04843433bf3d8b133b83bb811
  languageName: node
  linkType: hard

"ansi-regex@npm:^4.0.0":
  version: 4.1.1
  resolution: "ansi-regex@npm:4.1.1"
  checksum: b1a6ee44cb6ecdabaa770b2ed500542714d4395d71c7e5c25baa631f680fb2ad322eb9ba697548d498a6fd366949fc8b5bfcf48d49a32803611f648005b01888
  languageName: node
  linkType: hard

"ansi-styles@npm:^3.2.0, ansi-styles@npm:^3.2.1":
  version: 3.2.1
  resolution: "ansi-styles@npm:3.2.1"
  dependencies:
    color-convert: ^1.9.0
  checksum: d85ade01c10e5dd77b6c89f34ed7531da5830d2cb5882c645f330079975b716438cd7ebb81d0d6e6b4f9c577f19ae41ab55f07f19786b02f9dfd9e0377395665
  languageName: node
  linkType: hard

"chalk@npm:^2.0.1":
  version: 2.4.2
  resolution: "chalk@npm:2.4.2"
  dependencies:
    ansi-styles: ^3.2.1
    escape-string-regexp: ^1.0.5
    supports-color: ^5.3.0
  checksum: ec3661d38fe77f681200f878edbd9448821924e0f93a9cefc0e26a33b145f1027a2084bf19967160d11e1f03bfe4eaffcabf5493b89098b2782c3fe0b03d80c2
  languageName: node
  linkType: hard

"color-convert@npm:^1.9.0":
  version: 1.9.3
  resolution: "color-convert@npm:1.9.3"
  dependencies:
    color-name: 1.1.3
  checksum: fd7a64a17cde98fb923b1dd05c5f2e6f7aefda1b60d67e8d449f9328b4e53b228a428fd38bfeaeb2db2ff6b6503a776a996150b80cdf224062af08a5c8a3a203
  languageName: node
  linkType: hard

"color-name@npm:1.1.3":
  version: 1.1.3
  resolution: "color-name@npm:1.1.3"
  checksum: 09c5d3e33d2105850153b14466501f2bfb30324a2f76568a408763a3b7433b0e50e5b4ab1947868e65cb101bb7cb75029553f2c333b6d4b8138a73fcc133d69d
  languageName: node
  linkType: hard

"cross-env@npm:5.0.5":
  version: 5.0.5
  resolution: "cross-env@npm:5.0.5"
  dependencies:
    cross-spawn: ^5.1.0
    is-windows: ^1.0.0
  bin:
    cross-env: dist/bin/cross-env.js
    cross-env-shell: dist/bin/cross-env-shell.js
  checksum: 232ff7c8fa2f9cee3ebf31f73bc7fbd329a674a9d02edeb503276e77c8571a454e55fc104954363fcc3b433934405f8326ae02031831a5dd80f18e0eed96d7de
  languageName: node
  linkType: hard

"cross-spawn@npm:^5.1.0":
  version: 5.1.0
  resolution: "cross-spawn@npm:5.1.0"
  dependencies:
    lru-cache: ^4.0.1
    shebang-command: ^1.2.0
    which: ^1.2.9
  checksum: 726939c9954fc70c20e538923feaaa33bebc253247d13021737c3c7f68cdc3e0a57f720c0fe75057c0387995349f3f12e20e9bfdbf12274db28019c7ea4ec166
  languageName: node
  linkType: hard

"diff-sequences@npm:^24.9.0":
  version: 24.9.0
  resolution: "diff-sequences@npm:24.9.0"
  checksum: b81f906ff1737e0a65e8f7ee3ad1d27b426dcc25498731365aeaccc32333da3bf3a7100c963c7104f12c8e64e545114d4fe4c0b90daf2565b0b00b79f0df45c4
  languageName: node
  linkType: hard

"escape-string-regexp@npm:^1.0.5":
  version: 1.0.5
  resolution: "escape-string-regexp@npm:1.0.5"
  checksum: 6092fda75c63b110c706b6a9bfde8a612ad595b628f0bd2147eea1d3406723020810e591effc7db1da91d80a71a737a313567c5abb3813e8d9c71f4aa595b410
  languageName: node
  linkType: hard

"has-flag@npm:^3.0.0":
  version: 3.0.0
  resolution: "has-flag@npm:3.0.0"
  checksum: 4a15638b454bf086c8148979aae044dd6e39d63904cd452d970374fa6a87623423da485dfb814e7be882e05c096a7ccf1ebd48e7e7501d0208d8384ff4dea73b
  languageName: node
  linkType: hard

"is-windows@npm:^1.0.0":
  version: 1.0.2
  resolution: "is-windows@npm:1.0.2"
  checksum: 438b7e52656fe3b9b293b180defb4e448088e7023a523ec21a91a80b9ff8cdb3377ddb5b6e60f7c7de4fa8b63ab56e121b6705fe081b3cf1b828b0a380009ad7
  languageName: node
  linkType: hard

"isexe@npm:^2.0.0":
  version: 2.0.0
  resolution: "isexe@npm:2.0.0"
  checksum: 26bf6c5480dda5161c820c5b5c751ae1e766c587b1f951ea3fcfc973bafb7831ae5b54a31a69bd670220e42e99ec154475025a468eae58ea262f813fdc8d1c62
  languageName: node
  linkType: hard

"jest-diff@npm:^24.3.0":
  version: 24.9.0
  resolution: "jest-diff@npm:24.9.0"
  dependencies:
    chalk: ^2.0.1
    diff-sequences: ^24.9.0
    jest-get-type: ^24.9.0
    pretty-format: ^24.9.0
  checksum: 462ccb128cb1b64eb285d28245d0c5bfc230cb063624bd117550d6dbc94332f606828a5de86938611d1e6a78489e576c496737ae139084f6049a56b768ad6402
  languageName: node
  linkType: hard

"jest-get-type@npm:^24.9.0":
  version: 24.9.0
  resolution: "jest-get-type@npm:24.9.0"
  checksum: 821e6cd46434c917370cd362fbc4ce564c6e22780351f3ca468b230fbbc657ae19905ed5cdcc5e112d81a2c79cbd3fbcbe0dd44dc62860414b60ea223009958c
  languageName: node
  linkType: hard

"lru-cache@npm:^4.0.1":
  version: 4.1.5
  resolution: "lru-cache@npm:4.1.5"
  dependencies:
    pseudomap: ^1.0.2
    yallist: ^2.1.2
  checksum: 4bb4b58a36cd7dc4dcec74cbe6a8f766a38b7426f1ff59d4cf7d82a2aa9b9565cd1cb98f6ff60ce5cd174524868d7bc9b7b1c294371851356066ca9ac4cf135a
  languageName: node
  linkType: hard

"pretty-format@npm:^24.9.0":
  version: 24.9.0
  resolution: "pretty-format@npm:24.9.0"
  dependencies:
    "@jest/types": ^24.9.0
    ansi-regex: ^4.0.0
    ansi-styles: ^3.2.0
    react-is: ^16.8.4
  checksum: ba9291c8dafd50d2fea1fbad5d2863a6f94e0c8835cce9778ec03bc11bb0f52b9ed0e4ee56aaa331d022ccae2fe52b92f73465a0af58fd0edb59deb6391c6847
  languageName: node
  linkType: hard

"pseudomap@npm:^1.0.2":
  version: 1.0.2
  resolution: "pseudomap@npm:1.0.2"
  checksum: 856c0aae0ff2ad60881168334448e898ad7a0e45fe7386d114b150084254c01e200c957cf378378025df4e052c7890c5bd933939b0e0d2ecfcc1dc2f0b2991f5
  languageName: node
  linkType: hard

"react-is@npm:^16.8.4":
  version: 16.13.1
  resolution: "react-is@npm:16.13.1"
  checksum: f7a19ac3496de32ca9ae12aa030f00f14a3d45374f1ceca0af707c831b2a6098ef0d6bdae51bd437b0a306d7f01d4677fcc8de7c0d331eb47ad0f46130e53c5f
  languageName: node
  linkType: hard

"shebang-command@npm:^1.2.0":
  version: 1.2.0
  resolution: "shebang-command@npm:1.2.0"
  dependencies:
    shebang-regex: ^1.0.0
  checksum: 9eed1750301e622961ba5d588af2212505e96770ec376a37ab678f965795e995ade7ed44910f5d3d3cb5e10165a1847f52d3348c64e146b8be922f7707958908
  languageName: node
  linkType: hard

"shebang-regex@npm:^1.0.0":
  version: 1.0.0
  resolution: "shebang-regex@npm:1.0.0"
  checksum: 404c5a752cd40f94591dfd9346da40a735a05139dac890ffc229afba610854d8799aaa52f87f7e0c94c5007f2c6af55bdcaeb584b56691926c5eaf41dc8f1372
  languageName: node
  linkType: hard

"simple@workspace:.":
  version: 0.0.0-use.local
  resolution: "simple@workspace:."
  languageName: unknown
  linkType: soft

"supports-color@npm:^5.3.0":
  version: 5.5.0
  resolution: "supports-color@npm:5.5.0"
  dependencies:
    has-flag: ^3.0.0
  checksum: 95f6f4ba5afdf92f495b5a912d4abee8dcba766ae719b975c56c084f5004845f6f5a5f7769f52d53f40e21952a6d87411bafe34af4a01e65f9926002e38e1dac
  languageName: node
  linkType: hard

"which@npm:^1.2.9":
  version: 1.3.1
  resolution: "which@npm:1.3.1"
  dependencies:
    isexe: ^2.0.0
  bin:
    which: ./bin/which
  checksum: f2e185c6242244b8426c9df1510e86629192d93c1a986a7d2a591f2c24869e7ffd03d6dac07ca863b2e4c06f59a4cc9916c585b72ee9fa1aa609d0124df15e04
  languageName: node
  linkType: hard

"workspace-a@workspace:workspaces/workspace-a":
  version: 0.0.0-use.local
  resolution: "workspace-a@workspace:workspaces/workspace-a"
  dependencies:
    cross-env: 5.0.5
  languageName: unknown
  linkType: soft

"workspace-b@workspace:workspaces/workspace-b":
  version: 0.0.0-use.local
  resolution: "workspace-b@workspace:workspaces/workspace-b"
  dependencies:
    "@types/jest": ^24.0.25
    cross-env: 5.0.5
  languageName: unknown
  linkType: soft

"workspace-c-b9d1f6@workspace:workspaces/workspace-c":
  version: 0.0.0-use.local
  resolution: "workspace-c-b9d1f6@workspace:workspaces/workspace-c"
  dependencies:
    "@types/jest": ^24.0.25
  languageName: unknown
  linkType: soft

"workspace-d-997d7e@workspace:workspaces/workspace-d":
  version: 0.0.0-use.local
  resolution: "workspace-d-997d7e@workspace:workspaces/workspace-d"
  dependencies:
    cross-env: 5.0.5
  languageName: unknown
  linkType: soft

"yallist@npm:^2.1.2":
  version: 2.1.2
  resolution: "yallist@npm:2.1.2"
  checksum: 9ba99409209f485b6fcb970330908a6d41fa1c933f75e08250316cce19383179a6b70a7e0721b89672ebb6199cc377bf3e432f55100da6a7d6e11902b0a642cb
  languageName: node
  linkType: hard
